{
  "name": "aios-lite",
  "version": "0.1.2",
  "lockfileVersion": 3,
  "requires": true,
  "packages": {
    "": {
      "name": "aios-lite",
      "version": "0.1.2",
      "license": "MIT",
      "bin": {
        "aios-lite": "bin/aios-lite.js"
      },
      "engines": {
        "node": ">=18.0.0"
      }
    }
  }
}
